// !$*UTF8*$!
{
	archiveVersion = 1;
	classes = {
	};
	objectVersion = 51;
	objects = {

/* Begin PBXBuildFile section */
		0EFF90F30E4F390FAA5A4CBC /* Pods_PLKit.framework in Frameworks */ = {isa = PBXBuildFile; fileRef = 409954DF777D0C203453192F /* Pods_PLKit.framework */; };
		51014EF322ACEBF80021641A /* PLBadgeView.swift in Sources */ = {isa = PBXBuildFile; fileRef = 51014EF222ACEBF80021641A /* PLBadgeView.swift */; };
		51014EF522ACEF3B0021641A /* BadgeViewViewController.swift in Sources */ = {isa = PBXBuildFile; fileRef = 51014EF422ACEF3B0021641A /* BadgeViewViewController.swift */; };
		5152869A25694F9000AED246 /* PLGridView.swift in Sources */ = {isa = PBXBuildFile; fileRef = 5152869925694F9000AED246 /* PLGridView.swift */; };
		5152869E2569586700AED246 /* GridViewController.swift in Sources */ = {isa = PBXBuildFile; fileRef = 5152869D2569586700AED246 /* GridViewController.swift */; };
		8102CA7224655A8F00AE2278 /* NavigationController.swift in Sources */ = {isa = PBXBuildFile; fileRef = 8102CA7124655A8F00AE2278 /* NavigationController.swift */; };
		8102CA7424655EAF00AE2278 /* PLNavigationController.swift in Sources */ = {isa = PBXBuildFile; fileRef = 8102CA7324655EAF00AE2278 /* PLNavigationController.swift */; };
		810FD77822FAAE5F002EB244 /* PLTabBarController.swift in Sources */ = {isa = PBXBuildFile; fileRef = 810FD77722FAAE5F002EB244 /* PLTabBarController.swift */; };
		810FD77A22FAAFE3002EB244 /* TabBarViewController.swift in Sources */ = {isa = PBXBuildFile; fileRef = 810FD77922FAAFE3002EB244 /* TabBarViewController.swift */; };
		810FD77C22FAB373002EB244 /* PLTabBar.swift in Sources */ = {isa = PBXBuildFile; fileRef = 810FD77B22FAB373002EB244 /* PLTabBar.swift */; };
		810FD77E22FAB964002EB244 /* PLTabBarItem.swift in Sources */ = {isa = PBXBuildFile; fileRef = 810FD77D22FAB964002EB244 /* PLTabBarItem.swift */; };
		810FD79322FAC11D002EB244 /* tabbar_home@2x.png in Resources */ = {isa = PBXBuildFile; fileRef = 810FD77F22FAC119002EB244 /* tabbar_home@2x.png */; };
		810FD79422FAC11D002EB244 /* tabbar_message@3x.png in Resources */ = {isa = PBXBuildFile; fileRef = 810FD78022FAC119002EB244 /* tabbar_message@3x.png */; };
		810FD79522FAC11D002EB244 /* tabbar_space_selected@3x.png in Resources */ = {isa = PBXBuildFile; fileRef = 810FD78122FAC11A002EB244 /* tabbar_space_selected@3x.png */; };
		810FD79622FAC11D002EB244 /* tabbar_message@2x.png in Resources */ = {isa = PBXBuildFile; fileRef = 810FD78222FAC11A002EB244 /* tabbar_message@2x.png */; };
		810FD79722FAC11D002EB244 /* tabbar_space@2x.png in Resources */ = {isa = PBXBuildFile; fileRef = 810FD78322FAC11A002EB244 /* tabbar_space@2x.png */; };
		810FD79922FAC11D002EB244 /* tabbar_guanxuan@2x.png in Resources */ = {isa = PBXBuildFile; fileRef = 810FD78522FAC11A002EB244 /* tabbar_guanxuan@2x.png */; };
		810FD79A22FAC11D002EB244 /* tabbar_space@3x.png in Resources */ = {isa = PBXBuildFile; fileRef = 810FD78622FAC11A002EB244 /* tabbar_space@3x.png */; };
		810FD79B22FAC11D002EB244 /* tabbar_guanxuan_selected@2x.png in Resources */ = {isa = PBXBuildFile; fileRef = 810FD78722FAC11B002EB244 /* tabbar_guanxuan_selected@2x.png */; };
		810FD79C22FAC11D002EB244 /* tabbar_home_selected@3x.png in Resources */ = {isa = PBXBuildFile; fileRef = 810FD78822FAC11B002EB244 /* tabbar_home_selected@3x.png */; };
		810FD79D22FAC11D002EB244 /* tabbar_guanxuan_selected@3x.png in Resources */ = {isa = PBXBuildFile; fileRef = 810FD78922FAC11B002EB244 /* tabbar_guanxuan_selected@3x.png */; };
		810FD79E22FAC11D002EB244 /* tabbar_space_selected@2x.png in Resources */ = {isa = PBXBuildFile; fileRef = 810FD78A22FAC11B002EB244 /* tabbar_space_selected@2x.png */; };
		810FD79F22FAC11D002EB244 /* tabbar_guanxuan@3x.png in Resources */ = {isa = PBXBuildFile; fileRef = 810FD78B22FAC11C002EB244 /* tabbar_guanxuan@3x.png */; };
		810FD7A022FAC11D002EB244 /* tabbar_message_selected@2x.png in Resources */ = {isa = PBXBuildFile; fileRef = 810FD78C22FAC11C002EB244 /* tabbar_message_selected@2x.png */; };
		810FD7A122FAC11D002EB244 /* tabbar_message_selected@3x.png in Resources */ = {isa = PBXBuildFile; fileRef = 810FD78D22FAC11C002EB244 /* tabbar_message_selected@3x.png */; };
		810FD7A222FAC11D002EB244 /* tabbar_home_selected@2x.png in Resources */ = {isa = PBXBuildFile; fileRef = 810FD78E22FAC11C002EB244 /* tabbar_home_selected@2x.png */; };
		810FD7A322FAC11D002EB244 /* tabbar_home@3x.png in Resources */ = {isa = PBXBuildFile; fileRef = 810FD78F22FAC11C002EB244 /* tabbar_home@3x.png */; };
		810FD7AA22FAC13C002EB244 /* arrow_bottom_small@2x.png in Resources */ = {isa = PBXBuildFile; fileRef = 810FD7A822FAC13C002EB244 /* arrow_bottom_small@2x.png */; };
		810FD7AB22FAC13C002EB244 /* arrow_bottom_small@3x.png in Resources */ = {isa = PBXBuildFile; fileRef = 810FD7A922FAC13C002EB244 /* arrow_bottom_small@3x.png */; };
		811F280E243EFBEB00276CBF /* TabControlViewController.swift in Sources */ = {isa = PBXBuildFile; fileRef = 811F280D243EFBEB00276CBF /* TabControlViewController.swift */; };
		811F2810243EFBFF00276CBF /* PLTabControl.swift in Sources */ = {isa = PBXBuildFile; fileRef = 811F280F243EFBFF00276CBF /* PLTabControl.swift */; };
		812FBF32226EAE8800CA1831 /* AppDelegate.swift in Sources */ = {isa = PBXBuildFile; fileRef = 812FBF31226EAE8800CA1831 /* AppDelegate.swift */; };
		812FBF34226EAE8800CA1831 /* RippleAnimateViewController.swift in Sources */ = {isa = PBXBuildFile; fileRef = 812FBF33226EAE8800CA1831 /* RippleAnimateViewController.swift */; };
		812FBF37226EAE8800CA1831 /* Main.storyboard in Resources */ = {isa = PBXBuildFile; fileRef = 812FBF35226EAE8800CA1831 /* Main.storyboard */; };
		812FBF39226EAE8A00CA1831 /* Assets.xcassets in Resources */ = {isa = PBXBuildFile; fileRef = 812FBF38226EAE8A00CA1831 /* Assets.xcassets */; };
		812FBF3C226EAE8A00CA1831 /* LaunchScreen.storyboard in Resources */ = {isa = PBXBuildFile; fileRef = 812FBF3A226EAE8A00CA1831 /* LaunchScreen.storyboard */; };
		812FBF45226EAF0000CA1831 /* PLRippleAnimate.swift in Sources */ = {isa = PBXBuildFile; fileRef = 812FBF44226EAF0000CA1831 /* PLRippleAnimate.swift */; };
		812FBF47226EB77400CA1831 /* PLKit.swift in Sources */ = {isa = PBXBuildFile; fileRef = 812FBF46226EB77400CA1831 /* PLKit.swift */; };
		814972FA228D63DF00F63C96 /* PLPhotoBrowser.swift in Sources */ = {isa = PBXBuildFile; fileRef = 814972F9228D63DF00F63C96 /* PLPhotoBrowser.swift */; };
		814972FC228D650300F63C96 /* PhotoBrowserViewController.swift in Sources */ = {isa = PBXBuildFile; fileRef = 814972FB228D650300F63C96 /* PhotoBrowserViewController.swift */; };
		814972FE228D6EF100F63C96 /* PLPhotoBrowserPage.swift in Sources */ = {isa = PBXBuildFile; fileRef = 814972FD228D6EF100F63C96 /* PLPhotoBrowserPage.swift */; };
		8153642022CDFF0A0025EDF4 /* icon_close@3x.png in Resources */ = {isa = PBXBuildFile; fileRef = 8153641E22CDFF090025EDF4 /* icon_close@3x.png */; };
		8153642122CDFF0A0025EDF4 /* icon_close@2x.png in Resources */ = {isa = PBXBuildFile; fileRef = 8153641F22CDFF090025EDF4 /* icon_close@2x.png */; };
		8173AC4C246695CD0054DF13 /* nav_back@2x.png in Resources */ = {isa = PBXBuildFile; fileRef = 8173AC4A246695CC0054DF13 /* nav_back@2x.png */; };
		8173AC4D246695CD0054DF13 /* nav_back@3x.png in Resources */ = {isa = PBXBuildFile; fileRef = 8173AC4B246695CD0054DF13 /* nav_back@3x.png */; };
		8173AC4F24669FDF0054DF13 /* TableViewController.swift in Sources */ = {isa = PBXBuildFile; fileRef = 8173AC4E24669FDF0054DF13 /* TableViewController.swift */; };
		81786D912272B095005B232D /* ButtonViewController.swift in Sources */ = {isa = PBXBuildFile; fileRef = 81786D902272B095005B232D /* ButtonViewController.swift */; };
		81786D932272B13B005B232D /* PLButton.swift in Sources */ = {isa = PBXBuildFile; fileRef = 81786D922272B13B005B232D /* PLButton.swift */; };
		818997A722DC5D4E0042A93F /* StackCardViewController.swift in Sources */ = {isa = PBXBuildFile; fileRef = 818997A622DC5D4E0042A93F /* StackCardViewController.swift */; };
		818997A922DC5D910042A93F /* PLStackCardView.swift in Sources */ = {isa = PBXBuildFile; fileRef = 818997A822DC5D910042A93F /* PLStackCardView.swift */; };
		818BF10F241A264C00D84B86 /* MultiMenuTableViewViewController.swift in Sources */ = {isa = PBXBuildFile; fileRef = 818BF10E241A264C00D84B86 /* MultiMenuTableViewViewController.swift */; };
		818BF111241A26B300D84B86 /* PLMultimenuTableView.swift in Sources */ = {isa = PBXBuildFile; fileRef = 818BF110241A26B300D84B86 /* PLMultimenuTableView.swift */; };
		81948F562278236000868B88 /* PLPageScrollView.swift in Sources */ = {isa = PBXBuildFile; fileRef = 81948F552278236000868B88 /* PLPageScrollView.swift */; };
		81948F582278237A00868B88 /* PageScrollViewController.swift in Sources */ = {isa = PBXBuildFile; fileRef = 81948F572278237A00868B88 /* PageScrollViewController.swift */; };
		81D5BA41228E964F00C9BF51 /* imagesrc.text in Resources */ = {isa = PBXBuildFile; fileRef = 81D5BA40228E964F00C9BF51 /* imagesrc.text */; };
		81D912982435971200A433D8 /* PLBubble.swift in Sources */ = {isa = PBXBuildFile; fileRef = 81D912972435971200A433D8 /* PLBubble.swift */; };
		81D9129A243599A200A433D8 /* BubbleViewController.swift in Sources */ = {isa = PBXBuildFile; fileRef = 81D91299243599A200A433D8 /* BubbleViewController.swift */; };
		81D912A02435E5AA00A433D8 /* PLArrangeView.swift in Sources */ = {isa = PBXBuildFile; fileRef = 81D9129F2435E5AA00A433D8 /* PLArrangeView.swift */; };
		81D912A22435E9A200A433D8 /* ArrangeViewController.swift in Sources */ = {isa = PBXBuildFile; fileRef = 81D912A12435E9A200A433D8 /* ArrangeViewController.swift */; };
		81E1ACC822FE6ED4007DB464 /* PLHUD.swift in Sources */ = {isa = PBXBuildFile; fileRef = 81E1ACC722FE6ED4007DB464 /* PLHUD.swift */; };
		81E1ACCA22FE71AC007DB464 /* HUDViewController.swift in Sources */ = {isa = PBXBuildFile; fileRef = 81E1ACC922FE71AC007DB464 /* HUDViewController.swift */; };
		81EBD585245003CE00ACCE1E /* tabbar_mine_selected15@2x.png in Resources */ = {isa = PBXBuildFile; fileRef = 81EBD575245003CC00ACCE1E /* tabbar_mine_selected15@2x.png */; };
		81EBD586245003CE00ACCE1E /* tabbar_mine_selected12@2x.png in Resources */ = {isa = PBXBuildFile; fileRef = 81EBD576245003CC00ACCE1E /* tabbar_mine_selected12@2x.png */; };
		81EBD587245003CE00ACCE1E /* tabbar_mine@2x.png in Resources */ = {isa = PBXBuildFile; fileRef = 81EBD577245003CC00ACCE1E /* tabbar_mine@2x.png */; };
		81EBD588245003CE00ACCE1E /* tabbar_mine_selected3@2x.png in Resources */ = {isa = PBXBuildFile; fileRef = 81EBD578245003CC00ACCE1E /* tabbar_mine_selected3@2x.png */; };
		81EBD589245003CE00ACCE1E /* tabbar_mine_selected11@2x.png in Resources */ = {isa = PBXBuildFile; fileRef = 81EBD579245003CC00ACCE1E /* tabbar_mine_selected11@2x.png */; };
		81EBD58A245003CE00ACCE1E /* tabbar_mine_selected13@2x.png in Resources */ = {isa = PBXBuildFile; fileRef = 81EBD57A245003CC00ACCE1E /* tabbar_mine_selected13@2x.png */; };
		81EBD58B245003CE00ACCE1E /* tabbar_mine_selected9@2x.png in Resources */ = {isa = PBXBuildFile; fileRef = 81EBD57B245003CC00ACCE1E /* tabbar_mine_selected9@2x.png */; };
		81EBD58C245003CE00ACCE1E /* tabbar_mine_selected7@2x.png in Resources */ = {isa = PBXBuildFile; fileRef = 81EBD57C245003CC00ACCE1E /* tabbar_mine_selected7@2x.png */; };
		81EBD58D245003CE00ACCE1E /* tabbar_mine_selected8@2x.png in Resources */ = {isa = PBXBuildFile; fileRef = 81EBD57D245003CC00ACCE1E /* tabbar_mine_selected8@2x.png */; };
		81EBD58E245003CE00ACCE1E /* tabbar_mine_selected1@2x.png in Resources */ = {isa = PBXBuildFile; fileRef = 81EBD57E245003CD00ACCE1E /* tabbar_mine_selected1@2x.png */; };
		81EBD58F245003CE00ACCE1E /* tabbar_mine_selected10@2x.png in Resources */ = {isa = PBXBuildFile; fileRef = 81EBD57F245003CD00ACCE1E /* tabbar_mine_selected10@2x.png */; };
		81EBD590245003CE00ACCE1E /* tabbar_mine_selected14@2x.png in Resources */ = {isa = PBXBuildFile; fileRef = 81EBD580245003CD00ACCE1E /* tabbar_mine_selected14@2x.png */; };
		81EBD591245003CE00ACCE1E /* tabbar_mine_selected2@2x.png in Resources */ = {isa = PBXBuildFile; fileRef = 81EBD581245003CD00ACCE1E /* tabbar_mine_selected2@2x.png */; };
		81EBD592245003CE00ACCE1E /* tabbar_mine_selected4@2x.png in Resources */ = {isa = PBXBuildFile; fileRef = 81EBD582245003CD00ACCE1E /* tabbar_mine_selected4@2x.png */; };
		81EBD593245003CE00ACCE1E /* tabbar_mine_selected5@2x.png in Resources */ = {isa = PBXBuildFile; fileRef = 81EBD583245003CD00ACCE1E /* tabbar_mine_selected5@2x.png */; };
		81EBD594245003CE00ACCE1E /* tabbar_mine_selected6@2x.png in Resources */ = {isa = PBXBuildFile; fileRef = 81EBD584245003CD00ACCE1E /* tabbar_mine_selected6@2x.png */; };
		81EBD5A5245003FC00ACCE1E /* tabbar_mine_selected12@3x.png in Resources */ = {isa = PBXBuildFile; fileRef = 81EBD595245003F900ACCE1E /* tabbar_mine_selected12@3x.png */; };
		81EBD5A6245003FC00ACCE1E /* tabbar_mine_selected3@3x.png in Resources */ = {isa = PBXBuildFile; fileRef = 81EBD596245003F900ACCE1E /* tabbar_mine_selected3@3x.png */; };
		81EBD5A7245003FC00ACCE1E /* tabbar_mine_selected5@3x.png in Resources */ = {isa = PBXBuildFile; fileRef = 81EBD597245003F900ACCE1E /* tabbar_mine_selected5@3x.png */; };
		81EBD5A8245003FC00ACCE1E /* tabbar_mine_selected8@3x.png in Resources */ = {isa = PBXBuildFile; fileRef = 81EBD598245003FA00ACCE1E /* tabbar_mine_selected8@3x.png */; };
		81EBD5A9245003FC00ACCE1E /* tabbar_mine_selected4@3x.png in Resources */ = {isa = PBXBuildFile; fileRef = 81EBD599245003FA00ACCE1E /* tabbar_mine_selected4@3x.png */; };
		81EBD5AA245003FC00ACCE1E /* tabbar_mine_selected11@3x.png in Resources */ = {isa = PBXBuildFile; fileRef = 81EBD59A245003FA00ACCE1E /* tabbar_mine_selected11@3x.png */; };
		81EBD5AB245003FC00ACCE1E /* tabbar_mine_selected7@3x.png in Resources */ = {isa = PBXBuildFile; fileRef = 81EBD59B245003FA00ACCE1E /* tabbar_mine_selected7@3x.png */; };
		81EBD5AC245003FC00ACCE1E /* tabbar_mine_selected14@3x.png in Resources */ = {isa = PBXBuildFile; fileRef = 81EBD59C245003FA00ACCE1E /* tabbar_mine_selected14@3x.png */; };
		81EBD5AD245003FC00ACCE1E /* tabbar_mine_selected15@3x.png in Resources */ = {isa = PBXBuildFile; fileRef = 81EBD59D245003FA00ACCE1E /* tabbar_mine_selected15@3x.png */; };
		81EBD5AE245003FC00ACCE1E /* tabbar_mine@3x.png in Resources */ = {isa = PBXBuildFile; fileRef = 81EBD59E245003FA00ACCE1E /* tabbar_mine@3x.png */; };
		81EBD5AF245003FC00ACCE1E /* tabbar_mine_selected6@3x.png in Resources */ = {isa = PBXBuildFile; fileRef = 81EBD59F245003FB00ACCE1E /* tabbar_mine_selected6@3x.png */; };
		81EBD5B0245003FC00ACCE1E /* tabbar_mine_selected2@3x.png in Resources */ = {isa = PBXBuildFile; fileRef = 81EBD5A0245003FB00ACCE1E /* tabbar_mine_selected2@3x.png */; };
		81EBD5B1245003FC00ACCE1E /* tabbar_mine_selected1@3x.png in Resources */ = {isa = PBXBuildFile; fileRef = 81EBD5A1245003FB00ACCE1E /* tabbar_mine_selected1@3x.png */; };
		81EBD5B2245003FC00ACCE1E /* tabbar_mine_selected13@3x.png in Resources */ = {isa = PBXBuildFile; fileRef = 81EBD5A2245003FB00ACCE1E /* tabbar_mine_selected13@3x.png */; };
		81EBD5B3245003FC00ACCE1E /* tabbar_mine_selected9@3x.png in Resources */ = {isa = PBXBuildFile; fileRef = 81EBD5A3245003FB00ACCE1E /* tabbar_mine_selected9@3x.png */; };
		81EBD5B4245003FC00ACCE1E /* tabbar_mine_selected10@3x.png in Resources */ = {isa = PBXBuildFile; fileRef = 81EBD5A4245003FB00ACCE1E /* tabbar_mine_selected10@3x.png */; };
		81F1962122CC8F4900EEFA06 /* PLSlideVerify.swift in Sources */ = {isa = PBXBuildFile; fileRef = 81F1962022CC8F4900EEFA06 /* PLSlideVerify.swift */; };
		81F1962322CC8FB200EEFA06 /* SlideVerifyViewController.swift in Sources */ = {isa = PBXBuildFile; fileRef = 81F1962222CC8FB200EEFA06 /* SlideVerifyViewController.swift */; };
		81FE620E2302E24B00C9BD31 /* PLDot.swift in Sources */ = {isa = PBXBuildFile; fileRef = 81FE620D2302E24B00C9BD31 /* PLDot.swift */; };
		81FE62102302E25A00C9BD31 /* DotViewController.swift in Sources */ = {isa = PBXBuildFile; fileRef = 81FE620F2302E25A00C9BD31 /* DotViewController.swift */; };
		81FE62132302EA1F00C9BD31 /* icon_dot@2x.png in Resources */ = {isa = PBXBuildFile; fileRef = 81FE62112302EA1F00C9BD31 /* icon_dot@2x.png */; };
		81FE62142302EA1F00C9BD31 /* icon_dot@3x.png in Resources */ = {isa = PBXBuildFile; fileRef = 81FE62122302EA1F00C9BD31 /* icon_dot@3x.png */; };
		FE0FD8BA2570A7C400948ED2 /* AudioRecorderViewController.swift in Sources */ = {isa = PBXBuildFile; fileRef = FE0FD8B92570A7C400948ED2 /* AudioRecorderViewController.swift */; };
		FE0FD8BD2570A7EB00948ED2 /* PLAudioRecorder.swift in Sources */ = {isa = PBXBuildFile; fileRef = FE0FD8BC2570A7EB00948ED2 /* PLAudioRecorder.swift */; };
		FE9597E325343A8800CCB55C /* PLJSON.swift in Sources */ = {isa = PBXBuildFile; fileRef = FE9597E225343A8800CCB55C /* PLJSON.swift */; };
		FE9598022534539800CCB55C /* JsonViewController.swift in Sources */ = {isa = PBXBuildFile; fileRef = FE9598012534539800CCB55C /* JsonViewController.swift */; };
/* End PBXBuildFile section */

/* Begin PBXFileReference section */
		1D02F1EC418F44D92D64D09B /* Pods-PLKit.release.xcconfig */ = {isa = PBXFileReference; includeInIndex = 1; lastKnownFileType = text.xcconfig; name = "Pods-PLKit.release.xcconfig"; path = "Target Support Files/Pods-PLKit/Pods-PLKit.release.xcconfig"; sourceTree = "<group>"; };
		409954DF777D0C203453192F /* Pods_PLKit.framework */ = {isa = PBXFileReference; explicitFileType = wrapper.framework; includeInIndex = 0; path = Pods_PLKit.framework; sourceTree = BUILT_PRODUCTS_DIR; };
		51014EF222ACEBF80021641A /* PLBadgeView.swift */ = {isa = PBXFileReference; lastKnownFileType = sourcecode.swift; path = PLBadgeView.swift; sourceTree = "<group>"; };
		51014EF422ACEF3B0021641A /* BadgeViewViewController.swift */ = {isa = PBXFileReference; lastKnownFileType = sourcecode.swift; path = BadgeViewViewController.swift; sourceTree = "<group>"; };
		5152869925694F9000AED246 /* PLGridView.swift */ = {isa = PBXFileReference; lastKnownFileType = sourcecode.swift; path = PLGridView.swift; sourceTree = "<group>"; };
		5152869D2569586700AED246 /* GridViewController.swift */ = {isa = PBXFileReference; lastKnownFileType = sourcecode.swift; path = GridViewController.swift; sourceTree = "<group>"; };
		729449EF0AB8AD033B2E07A3 /* Pods-PLKit.debug.xcconfig */ = {isa = PBXFileReference; includeInIndex = 1; lastKnownFileType = text.xcconfig; name = "Pods-PLKit.debug.xcconfig"; path = "Target Support Files/Pods-PLKit/Pods-PLKit.debug.xcconfig"; sourceTree = "<group>"; };
		8102CA7124655A8F00AE2278 /* NavigationController.swift */ = {isa = PBXFileReference; lastKnownFileType = sourcecode.swift; path = NavigationController.swift; sourceTree = "<group>"; };
		8102CA7324655EAF00AE2278 /* PLNavigationController.swift */ = {isa = PBXFileReference; lastKnownFileType = sourcecode.swift; path = PLNavigationController.swift; sourceTree = "<group>"; };
		810FD77722FAAE5F002EB244 /* PLTabBarController.swift */ = {isa = PBXFileReference; lastKnownFileType = sourcecode.swift; path = PLTabBarController.swift; sourceTree = "<group>"; };
		810FD77922FAAFE3002EB244 /* TabBarViewController.swift */ = {isa = PBXFileReference; lastKnownFileType = sourcecode.swift; path = TabBarViewController.swift; sourceTree = "<group>"; };
		810FD77B22FAB373002EB244 /* PLTabBar.swift */ = {isa = PBXFileReference; lastKnownFileType = sourcecode.swift; path = PLTabBar.swift; sourceTree = "<group>"; };
		810FD77D22FAB964002EB244 /* PLTabBarItem.swift */ = {isa = PBXFileReference; lastKnownFileType = sourcecode.swift; path = PLTabBarItem.swift; sourceTree = "<group>"; };
		810FD77F22FAC119002EB244 /* tabbar_home@2x.png */ = {isa = PBXFileReference; lastKnownFileType = image.png; path = "tabbar_home@2x.png"; sourceTree = "<group>"; };
		810FD78022FAC119002EB244 /* tabbar_message@3x.png */ = {isa = PBXFileReference; lastKnownFileType = image.png; path = "tabbar_message@3x.png"; sourceTree = "<group>"; };
		810FD78122FAC11A002EB244 /* tabbar_space_selected@3x.png */ = {isa = PBXFileReference; lastKnownFileType = image.png; path = "tabbar_space_selected@3x.png"; sourceTree = "<group>"; };
		810FD78222FAC11A002EB244 /* tabbar_message@2x.png */ = {isa = PBXFileReference; lastKnownFileType = image.png; path = "tabbar_message@2x.png"; sourceTree = "<group>"; };
		810FD78322FAC11A002EB244 /* tabbar_space@2x.png */ = {isa = PBXFileReference; lastKnownFileType = image.png; path = "tabbar_space@2x.png"; sourceTree = "<group>"; };
		810FD78522FAC11A002EB244 /* tabbar_guanxuan@2x.png */ = {isa = PBXFileReference; lastKnownFileType = image.png; path = "tabbar_guanxuan@2x.png"; sourceTree = "<group>"; };
		810FD78622FAC11A002EB244 /* tabbar_space@3x.png */ = {isa = PBXFileReference; lastKnownFileType = image.png; path = "tabbar_space@3x.png"; sourceTree = "<group>"; };
		810FD78722FAC11B002EB244 /* tabbar_guanxuan_selected@2x.png */ = {isa = PBXFileReference; lastKnownFileType = image.png; path = "tabbar_guanxuan_selected@2x.png"; sourceTree = "<group>"; };
		810FD78822FAC11B002EB244 /* tabbar_home_selected@3x.png */ = {isa = PBXFileReference; lastKnownFileType = image.png; path = "tabbar_home_selected@3x.png"; sourceTree = "<group>"; };
		810FD78922FAC11B002EB244 /* tabbar_guanxuan_selected@3x.png */ = {isa = PBXFileReference; lastKnownFileType = image.png; path = "tabbar_guanxuan_selected@3x.png"; sourceTree = "<group>"; };
		810FD78A22FAC11B002EB244 /* tabbar_space_selected@2x.png */ = {isa = PBXFileReference; lastKnownFileType = image.png; path = "tabbar_space_selected@2x.png"; sourceTree = "<group>"; };
		810FD78B22FAC11C002EB244 /* tabbar_guanxuan@3x.png */ = {isa = PBXFileReference; lastKnownFileType = image.png; path = "tabbar_guanxuan@3x.png"; sourceTree = "<group>"; };
		810FD78C22FAC11C002EB244 /* tabbar_message_selected@2x.png */ = {isa = PBXFileReference; lastKnownFileType = image.png; path = "tabbar_message_selected@2x.png"; sourceTree = "<group>"; };
		810FD78D22FAC11C002EB244 /* tabbar_message_selected@3x.png */ = {isa = PBXFileReference; lastKnownFileType = image.png; path = "tabbar_message_selected@3x.png"; sourceTree = "<group>"; };
		810FD78E22FAC11C002EB244 /* tabbar_home_selected@2x.png */ = {isa = PBXFileReference; lastKnownFileType = image.png; path = "tabbar_home_selected@2x.png"; sourceTree = "<group>"; };
		810FD78F22FAC11C002EB244 /* tabbar_home@3x.png */ = {isa = PBXFileReference; lastKnownFileType = image.png; path = "tabbar_home@3x.png"; sourceTree = "<group>"; };
		810FD7A822FAC13C002EB244 /* arrow_bottom_small@2x.png */ = {isa = PBXFileReference; lastKnownFileType = image.png; path = "arrow_bottom_small@2x.png"; sourceTree = "<group>"; };
		810FD7A922FAC13C002EB244 /* arrow_bottom_small@3x.png */ = {isa = PBXFileReference; lastKnownFileType = image.png; path = "arrow_bottom_small@3x.png"; sourceTree = "<group>"; };
		811F280D243EFBEB00276CBF /* TabControlViewController.swift */ = {isa = PBXFileReference; lastKnownFileType = sourcecode.swift; path = TabControlViewController.swift; sourceTree = "<group>"; };
		811F280F243EFBFF00276CBF /* PLTabControl.swift */ = {isa = PBXFileReference; lastKnownFileType = sourcecode.swift; path = PLTabControl.swift; sourceTree = "<group>"; };
		812FBF2E226EAE8800CA1831 /* PLKit.app */ = {isa = PBXFileReference; explicitFileType = wrapper.application; includeInIndex = 0; path = PLKit.app; sourceTree = BUILT_PRODUCTS_DIR; };
		812FBF31226EAE8800CA1831 /* AppDelegate.swift */ = {isa = PBXFileReference; lastKnownFileType = sourcecode.swift; path = AppDelegate.swift; sourceTree = "<group>"; };
		812FBF33226EAE8800CA1831 /* RippleAnimateViewController.swift */ = {isa = PBXFileReference; lastKnownFileType = sourcecode.swift; path = RippleAnimateViewController.swift; sourceTree = "<group>"; };
		812FBF36226EAE8800CA1831 /* Base */ = {isa = PBXFileReference; lastKnownFileType = file.storyboard; name = Base; path = Base.lproj/Main.storyboard; sourceTree = "<group>"; };
		812FBF38226EAE8A00CA1831 /* Assets.xcassets */ = {isa = PBXFileReference; lastKnownFileType = folder.assetcatalog; path = Assets.xcassets; sourceTree = "<group>"; };
		812FBF3B226EAE8A00CA1831 /* Base */ = {isa = PBXFileReference; lastKnownFileType = file.storyboard; name = Base; path = Base.lproj/LaunchScreen.storyboard; sourceTree = "<group>"; };
		812FBF3D226EAE8A00CA1831 /* Info.plist */ = {isa = PBXFileReference; lastKnownFileType = text.plist.xml; path = Info.plist; sourceTree = "<group>"; };
		812FBF44226EAF0000CA1831 /* PLRippleAnimate.swift */ = {isa = PBXFileReference; lastKnownFileType = sourcecode.swift; path = PLRippleAnimate.swift; sourceTree = "<group>"; };
		812FBF46226EB77400CA1831 /* PLKit.swift */ = {isa = PBXFileReference; lastKnownFileType = sourcecode.swift; path = PLKit.swift; sourceTree = "<group>"; };
		814972F9228D63DF00F63C96 /* PLPhotoBrowser.swift */ = {isa = PBXFileReference; lastKnownFileType = sourcecode.swift; path = PLPhotoBrowser.swift; sourceTree = "<group>"; };
		814972FB228D650300F63C96 /* PhotoBrowserViewController.swift */ = {isa = PBXFileReference; lastKnownFileType = sourcecode.swift; path = PhotoBrowserViewController.swift; sourceTree = "<group>"; };
		814972FD228D6EF100F63C96 /* PLPhotoBrowserPage.swift */ = {isa = PBXFileReference; lastKnownFileType = sourcecode.swift; path = PLPhotoBrowserPage.swift; sourceTree = "<group>"; };
		8153641E22CDFF090025EDF4 /* icon_close@3x.png */ = {isa = PBXFileReference; lastKnownFileType = image.png; path = "icon_close@3x.png"; sourceTree = "<group>"; };
		8153641F22CDFF090025EDF4 /* icon_close@2x.png */ = {isa = PBXFileReference; lastKnownFileType = image.png; path = "icon_close@2x.png"; sourceTree = "<group>"; };
		8173AC4A246695CC0054DF13 /* nav_back@2x.png */ = {isa = PBXFileReference; lastKnownFileType = image.png; path = "nav_back@2x.png"; sourceTree = "<group>"; };
		8173AC4B246695CD0054DF13 /* nav_back@3x.png */ = {isa = PBXFileReference; lastKnownFileType = image.png; path = "nav_back@3x.png"; sourceTree = "<group>"; };
		8173AC4E24669FDF0054DF13 /* TableViewController.swift */ = {isa = PBXFileReference; lastKnownFileType = sourcecode.swift; path = TableViewController.swift; sourceTree = "<group>"; };
		81786D902272B095005B232D /* ButtonViewController.swift */ = {isa = PBXFileReference; lastKnownFileType = sourcecode.swift; path = ButtonViewController.swift; sourceTree = "<group>"; };
		81786D922272B13B005B232D /* PLButton.swift */ = {isa = PBXFileReference; lastKnownFileType = sourcecode.swift; path = PLButton.swift; sourceTree = "<group>"; };
		818997A622DC5D4E0042A93F /* StackCardViewController.swift */ = {isa = PBXFileReference; lastKnownFileType = sourcecode.swift; path = StackCardViewController.swift; sourceTree = "<group>"; };
		818997A822DC5D910042A93F /* PLStackCardView.swift */ = {isa = PBXFileReference; lastKnownFileType = sourcecode.swift; path = PLStackCardView.swift; sourceTree = "<group>"; };
		818BF10E241A264C00D84B86 /* MultiMenuTableViewViewController.swift */ = {isa = PBXFileReference; lastKnownFileType = sourcecode.swift; path = MultiMenuTableViewViewController.swift; sourceTree = "<group>"; };
		818BF110241A26B300D84B86 /* PLMultimenuTableView.swift */ = {isa = PBXFileReference; lastKnownFileType = sourcecode.swift; path = PLMultimenuTableView.swift; sourceTree = "<group>"; };
		81948F552278236000868B88 /* PLPageScrollView.swift */ = {isa = PBXFileReference; lastKnownFileType = sourcecode.swift; path = PLPageScrollView.swift; sourceTree = "<group>"; };
		81948F572278237A00868B88 /* PageScrollViewController.swift */ = {isa = PBXFileReference; lastKnownFileType = sourcecode.swift; path = PageScrollViewController.swift; sourceTree = "<group>"; };
		81D5BA40228E964F00C9BF51 /* imagesrc.text */ = {isa = PBXFileReference; lastKnownFileType = net.daringfireball.markdown; path = imagesrc.text; sourceTree = "<group>"; };
		81D912972435971200A433D8 /* PLBubble.swift */ = {isa = PBXFileReference; lastKnownFileType = sourcecode.swift; path = PLBubble.swift; sourceTree = "<group>"; };
		81D91299243599A200A433D8 /* BubbleViewController.swift */ = {isa = PBXFileReference; lastKnownFileType = sourcecode.swift; path = BubbleViewController.swift; sourceTree = "<group>"; };
		81D9129F2435E5AA00A433D8 /* PLArrangeView.swift */ = {isa = PBXFileReference; lastKnownFileType = sourcecode.swift; path = PLArrangeView.swift; sourceTree = "<group>"; };
		81D912A12435E9A200A433D8 /* ArrangeViewController.swift */ = {isa = PBXFileReference; lastKnownFileType = sourcecode.swift; path = ArrangeViewController.swift; sourceTree = "<group>"; };
		81E1ACC722FE6ED4007DB464 /* PLHUD.swift */ = {isa = PBXFileReference; lastKnownFileType = sourcecode.swift; path = PLHUD.swift; sourceTree = "<group>"; };
		81E1ACC922FE71AC007DB464 /* HUDViewController.swift */ = {isa = PBXFileReference; lastKnownFileType = sourcecode.swift; path = HUDViewController.swift; sourceTree = "<group>"; };
		81EBD575245003CC00ACCE1E /* tabbar_mine_selected15@2x.png */ = {isa = PBXFileReference; lastKnownFileType = image.png; path = "tabbar_mine_selected15@2x.png"; sourceTree = "<group>"; };
		81EBD576245003CC00ACCE1E /* tabbar_mine_selected12@2x.png */ = {isa = PBXFileReference; lastKnownFileType = image.png; path = "tabbar_mine_selected12@2x.png"; sourceTree = "<group>"; };
		81EBD577245003CC00ACCE1E /* tabbar_mine@2x.png */ = {isa = PBXFileReference; lastKnownFileType = image.png; path = "tabbar_mine@2x.png"; sourceTree = "<group>"; };
		81EBD578245003CC00ACCE1E /* tabbar_mine_selected3@2x.png */ = {isa = PBXFileReference; lastKnownFileType = image.png; path = "tabbar_mine_selected3@2x.png"; sourceTree = "<group>"; };
		81EBD579245003CC00ACCE1E /* tabbar_mine_selected11@2x.png */ = {isa = PBXFileReference; lastKnownFileType = image.png; path = "tabbar_mine_selected11@2x.png"; sourceTree = "<group>"; };
		81EBD57A245003CC00ACCE1E /* tabbar_mine_selected13@2x.png */ = {isa = PBXFileReference; lastKnownFileType = image.png; path = "tabbar_mine_selected13@2x.png"; sourceTree = "<group>"; };
		81EBD57B245003CC00ACCE1E /* tabbar_mine_selected9@2x.png */ = {isa = PBXFileReference; lastKnownFileType = image.png; path = "tabbar_mine_selected9@2x.png"; sourceTree = "<group>"; };
		81EBD57C245003CC00ACCE1E /* tabbar_mine_selected7@2x.png */ = {isa = PBXFileReference; lastKnownFileType = image.png; path = "tabbar_mine_selected7@2x.png"; sourceTree = "<group>"; };
		81EBD57D245003CC00ACCE1E /* tabbar_mine_selected8@2x.png */ = {isa = PBXFileReference; lastKnownFileType = image.png; path = "tabbar_mine_selected8@2x.png"; sourceTree = "<group>"; };
		81EBD57E245003CD00ACCE1E /* tabbar_mine_selected1@2x.png */ = {isa = PBXFileReference; lastKnownFileType = image.png; path = "tabbar_mine_selected1@2x.png"; sourceTree = "<group>"; };
		81EBD57F245003CD00ACCE1E /* tabbar_mine_selected10@2x.png */ = {isa = PBXFileReference; lastKnownFileType = image.png; path = "tabbar_mine_selected10@2x.png"; sourceTree = "<group>"; };
		81EBD580245003CD00ACCE1E /* tabbar_mine_selected14@2x.png */ = {isa = PBXFileReference; lastKnownFileType = image.png; path = "tabbar_mine_selected14@2x.png"; sourceTree = "<group>"; };
		81EBD581245003CD00ACCE1E /* tabbar_mine_selected2@2x.png */ = {isa = PBXFileReference; lastKnownFileType = image.png; path = "tabbar_mine_selected2@2x.png"; sourceTree = "<group>"; };
		81EBD582245003CD00ACCE1E /* tabbar_mine_selected4@2x.png */ = {isa = PBXFileReference; lastKnownFileType = image.png; path = "tabbar_mine_selected4@2x.png"; sourceTree = "<group>"; };
		81EBD583245003CD00ACCE1E /* tabbar_mine_selected5@2x.png */ = {isa = PBXFileReference; lastKnownFileType = image.png; path = "tabbar_mine_selected5@2x.png"; sourceTree = "<group>"; };
		81EBD584245003CD00ACCE1E /* tabbar_mine_selected6@2x.png */ = {isa = PBXFileReference; lastKnownFileType = image.png; path = "tabbar_mine_selected6@2x.png"; sourceTree = "<group>"; };
		81EBD595245003F900ACCE1E /* tabbar_mine_selected12@3x.png */ = {isa = PBXFileReference; lastKnownFileType = image.png; path = "tabbar_mine_selected12@3x.png"; sourceTree = "<group>"; };
		81EBD596245003F900ACCE1E /* tabbar_mine_selected3@3x.png */ = {isa = PBXFileReference; lastKnownFileType = image.png; path = "tabbar_mine_selected3@3x.png"; sourceTree = "<group>"; };
		81EBD597245003F900ACCE1E /* tabbar_mine_selected5@3x.png */ = {isa = PBXFileReference; lastKnownFileType = image.png; path = "tabbar_mine_selected5@3x.png"; sourceTree = "<group>"; };
		81EBD598245003FA00ACCE1E /* tabbar_mine_selected8@3x.png */ = {isa = PBXFileReference; lastKnownFileType = image.png; path = "tabbar_mine_selected8@3x.png"; sourceTree = "<group>"; };
		81EBD599245003FA00ACCE1E /* tabbar_mine_selected4@3x.png */ = {isa = PBXFileReference; lastKnownFileType = image.png; path = "tabbar_mine_selected4@3x.png"; sourceTree = "<group>"; };
		81EBD59A245003FA00ACCE1E /* tabbar_mine_selected11@3x.png */ = {isa = PBXFileReference; lastKnownFileType = image.png; path = "tabbar_mine_selected11@3x.png"; sourceTree = "<group>"; };
		81EBD59B245003FA00ACCE1E /* tabbar_mine_selected7@3x.png */ = {isa = PBXFileReference; lastKnownFileType = image.png; path = "tabbar_mine_selected7@3x.png"; sourceTree = "<group>"; };
		81EBD59C245003FA00ACCE1E /* tabbar_mine_selected14@3x.png */ = {isa = PBXFileReference; lastKnownFileType = image.png; path = "tabbar_mine_selected14@3x.png"; sourceTree = "<group>"; };
		81EBD59D245003FA00ACCE1E /* tabbar_mine_selected15@3x.png */ = {isa = PBXFileReference; lastKnownFileType = image.png; path = "tabbar_mine_selected15@3x.png"; sourceTree = "<group>"; };
		81EBD59E245003FA00ACCE1E /* tabbar_mine@3x.png */ = {isa = PBXFileReference; lastKnownFileType = image.png; path = "tabbar_mine@3x.png"; sourceTree = "<group>"; };
		81EBD59F245003FB00ACCE1E /* tabbar_mine_selected6@3x.png */ = {isa = PBXFileReference; lastKnownFileType = image.png; path = "tabbar_mine_selected6@3x.png"; sourceTree = "<group>"; };
		81EBD5A0245003FB00ACCE1E /* tabbar_mine_selected2@3x.png */ = {isa = PBXFileReference; lastKnownFileType = image.png; path = "tabbar_mine_selected2@3x.png"; sourceTree = "<group>"; };
		81EBD5A1245003FB00ACCE1E /* tabbar_mine_selected1@3x.png */ = {isa = PBXFileReference; lastKnownFileType = image.png; path = "tabbar_mine_selected1@3x.png"; sourceTree = "<group>"; };
		81EBD5A2245003FB00ACCE1E /* tabbar_mine_selected13@3x.png */ = {isa = PBXFileReference; lastKnownFileType = image.png; path = "tabbar_mine_selected13@3x.png"; sourceTree = "<group>"; };
		81EBD5A3245003FB00ACCE1E /* tabbar_mine_selected9@3x.png */ = {isa = PBXFileReference; lastKnownFileType = image.png; path = "tabbar_mine_selected9@3x.png"; sourceTree = "<group>"; };
		81EBD5A4245003FB00ACCE1E /* tabbar_mine_selected10@3x.png */ = {isa = PBXFileReference; lastKnownFileType = image.png; path = "tabbar_mine_selected10@3x.png"; sourceTree = "<group>"; };
		81F1962022CC8F4900EEFA06 /* PLSlideVerify.swift */ = {isa = PBXFileReference; lastKnownFileType = sourcecode.swift; path = PLSlideVerify.swift; sourceTree = "<group>"; };
		81F1962222CC8FB200EEFA06 /* SlideVerifyViewController.swift */ = {isa = PBXFileReference; lastKnownFileType = sourcecode.swift; path = SlideVerifyViewController.swift; sourceTree = "<group>"; };
		81FE620D2302E24B00C9BD31 /* PLDot.swift */ = {isa = PBXFileReference; lastKnownFileType = sourcecode.swift; path = PLDot.swift; sourceTree = "<group>"; };
		81FE620F2302E25A00C9BD31 /* DotViewController.swift */ = {isa = PBXFileReference; lastKnownFileType = sourcecode.swift; path = DotViewController.swift; sourceTree = "<group>"; };
		81FE62112302EA1F00C9BD31 /* icon_dot@2x.png */ = {isa = PBXFileReference; lastKnownFileType = image.png; path = "icon_dot@2x.png"; sourceTree = "<group>"; };
		81FE62122302EA1F00C9BD31 /* icon_dot@3x.png */ = {isa = PBXFileReference; lastKnownFileType = image.png; path = "icon_dot@3x.png"; sourceTree = "<group>"; };
		FE0FD8B92570A7C400948ED2 /* AudioRecorderViewController.swift */ = {isa = PBXFileReference; lastKnownFileType = sourcecode.swift; path = AudioRecorderViewController.swift; sourceTree = "<group>"; };
		FE0FD8BC2570A7EB00948ED2 /* PLAudioRecorder.swift */ = {isa = PBXFileReference; lastKnownFileType = sourcecode.swift; path = PLAudioRecorder.swift; sourceTree = "<group>"; };
		FE9597E225343A8800CCB55C /* PLJSON.swift */ = {isa = PBXFileReference; lastKnownFileType = sourcecode.swift; path = PLJSON.swift; sourceTree = "<group>"; };
		FE9598012534539800CCB55C /* JsonViewController.swift */ = {isa = PBXFileReference; lastKnownFileType = sourcecode.swift; path = JsonViewController.swift; sourceTree = "<group>"; };
/* End PBXFileReference section */

/* Begin PBXFrameworksBuildPhase section */
		812FBF2B226EAE8800CA1831 /* Frameworks */ = {
			isa = PBXFrameworksBuildPhase;
			buildActionMask = 2147483647;
			files = (
				0EFF90F30E4F390FAA5A4CBC /* Pods_PLKit.framework in Frameworks */,
			);
			runOnlyForDeploymentPostprocessing = 0;
		};
/* End PBXFrameworksBuildPhase section */

/* Begin PBXGroup section */
		2381AEE8F6D6C2349A54193C /* Frameworks */ = {
			isa = PBXGroup;
			children = (
				409954DF777D0C203453192F /* Pods_PLKit.framework */,
			);
			name = Frameworks;
			sourceTree = "<group>";
		};
		810FD7A722FAC13C002EB244 /* images */ = {
			isa = PBXGroup;
			children = (
				810FD7A822FAC13C002EB244 /* arrow_bottom_small@2x.png */,
				810FD7A922FAC13C002EB244 /* arrow_bottom_small@3x.png */,
				8153641F22CDFF090025EDF4 /* icon_close@2x.png */,
				8153641E22CDFF090025EDF4 /* icon_close@3x.png */,
				81FE62112302EA1F00C9BD31 /* icon_dot@2x.png */,
				81FE62122302EA1F00C9BD31 /* icon_dot@3x.png */,
				810FD78722FAC11B002EB244 /* tabbar_guanxuan_selected@2x.png */,
				810FD78922FAC11B002EB244 /* tabbar_guanxuan_selected@3x.png */,
				810FD78522FAC11A002EB244 /* tabbar_guanxuan@2x.png */,
				810FD78B22FAC11C002EB244 /* tabbar_guanxuan@3x.png */,
				810FD78E22FAC11C002EB244 /* tabbar_home_selected@2x.png */,
				810FD78822FAC11B002EB244 /* tabbar_home_selected@3x.png */,
				810FD77F22FAC119002EB244 /* tabbar_home@2x.png */,
				810FD78F22FAC11C002EB244 /* tabbar_home@3x.png */,
				810FD78C22FAC11C002EB244 /* tabbar_message_selected@2x.png */,
				810FD78D22FAC11C002EB244 /* tabbar_message_selected@3x.png */,
				810FD78222FAC11A002EB244 /* tabbar_message@2x.png */,
				810FD78022FAC119002EB244 /* tabbar_message@3x.png */,
				81EBD57E245003CD00ACCE1E /* tabbar_mine_selected1@2x.png */,
				81EBD5A1245003FB00ACCE1E /* tabbar_mine_selected1@3x.png */,
				81EBD581245003CD00ACCE1E /* tabbar_mine_selected2@2x.png */,
				81EBD5A0245003FB00ACCE1E /* tabbar_mine_selected2@3x.png */,
				81EBD578245003CC00ACCE1E /* tabbar_mine_selected3@2x.png */,
				81EBD596245003F900ACCE1E /* tabbar_mine_selected3@3x.png */,
				81EBD582245003CD00ACCE1E /* tabbar_mine_selected4@2x.png */,
				81EBD599245003FA00ACCE1E /* tabbar_mine_selected4@3x.png */,
				81EBD583245003CD00ACCE1E /* tabbar_mine_selected5@2x.png */,
				81EBD597245003F900ACCE1E /* tabbar_mine_selected5@3x.png */,
				81EBD584245003CD00ACCE1E /* tabbar_mine_selected6@2x.png */,
				81EBD59F245003FB00ACCE1E /* tabbar_mine_selected6@3x.png */,
				81EBD57C245003CC00ACCE1E /* tabbar_mine_selected7@2x.png */,
				81EBD59B245003FA00ACCE1E /* tabbar_mine_selected7@3x.png */,
				81EBD57D245003CC00ACCE1E /* tabbar_mine_selected8@2x.png */,
				81EBD598245003FA00ACCE1E /* tabbar_mine_selected8@3x.png */,
				81EBD57B245003CC00ACCE1E /* tabbar_mine_selected9@2x.png */,
				81EBD5A3245003FB00ACCE1E /* tabbar_mine_selected9@3x.png */,
				81EBD57F245003CD00ACCE1E /* tabbar_mine_selected10@2x.png */,
				81EBD5A4245003FB00ACCE1E /* tabbar_mine_selected10@3x.png */,
				81EBD579245003CC00ACCE1E /* tabbar_mine_selected11@2x.png */,
				81EBD59A245003FA00ACCE1E /* tabbar_mine_selected11@3x.png */,
				81EBD576245003CC00ACCE1E /* tabbar_mine_selected12@2x.png */,
				81EBD595245003F900ACCE1E /* tabbar_mine_selected12@3x.png */,
				81EBD57A245003CC00ACCE1E /* tabbar_mine_selected13@2x.png */,
				81EBD5A2245003FB00ACCE1E /* tabbar_mine_selected13@3x.png */,
				81EBD580245003CD00ACCE1E /* tabbar_mine_selected14@2x.png */,
				81EBD59C245003FA00ACCE1E /* tabbar_mine_selected14@3x.png */,
				81EBD575245003CC00ACCE1E /* tabbar_mine_selected15@2x.png */,
				81EBD59D245003FA00ACCE1E /* tabbar_mine_selected15@3x.png */,
				81EBD577245003CC00ACCE1E /* tabbar_mine@2x.png */,
				81EBD59E245003FA00ACCE1E /* tabbar_mine@3x.png */,
				810FD78A22FAC11B002EB244 /* tabbar_space_selected@2x.png */,
				810FD78122FAC11A002EB244 /* tabbar_space_selected@3x.png */,
				810FD78322FAC11A002EB244 /* tabbar_space@2x.png */,
				810FD78622FAC11A002EB244 /* tabbar_space@3x.png */,
				8173AC4A246695CC0054DF13 /* nav_back@2x.png */,
				8173AC4B246695CD0054DF13 /* nav_back@3x.png */,
			);
			path = images;
			sourceTree = "<group>";
		};
		812FBF25226EAE8800CA1831 = {
			isa = PBXGroup;
			children = (
				812FBF43226EAED200CA1831 /* Lib */,
				812FBF30226EAE8800CA1831 /* PLKit */,
				BB60711E7180A22597594446 /* Pods */,
				2381AEE8F6D6C2349A54193C /* Frameworks */,
				812FBF2F226EAE8800CA1831 /* Products */,
			);
			sourceTree = "<group>";
		};
		812FBF2F226EAE8800CA1831 /* Products */ = {
			isa = PBXGroup;
			children = (
				812FBF2E226EAE8800CA1831 /* PLKit.app */,
			);
			name = Products;
			sourceTree = "<group>";
		};
		812FBF30226EAE8800CA1831 /* PLKit */ = {
			isa = PBXGroup;
			children = (
				810FD7A722FAC13C002EB244 /* images */,
				812FBF31226EAE8800CA1831 /* AppDelegate.swift */,
				8173AC4E24669FDF0054DF13 /* TableViewController.swift */,
				812FBF33226EAE8800CA1831 /* RippleAnimateViewController.swift */,
				81786D902272B095005B232D /* ButtonViewController.swift */,
				81948F572278237A00868B88 /* PageScrollViewController.swift */,
				814972FB228D650300F63C96 /* PhotoBrowserViewController.swift */,
				81F1962222CC8FB200EEFA06 /* SlideVerifyViewController.swift */,
				51014EF422ACEF3B0021641A /* BadgeViewViewController.swift */,
				818997A622DC5D4E0042A93F /* StackCardViewController.swift */,
				810FD77922FAAFE3002EB244 /* TabBarViewController.swift */,
				81E1ACC922FE71AC007DB464 /* HUDViewController.swift */,
				81FE620F2302E25A00C9BD31 /* DotViewController.swift */,
				818BF10E241A264C00D84B86 /* MultiMenuTableViewViewController.swift */,
				81D91299243599A200A433D8 /* BubbleViewController.swift */,
				81D912A12435E9A200A433D8 /* ArrangeViewController.swift */,
				811F280D243EFBEB00276CBF /* TabControlViewController.swift */,
				8102CA7124655A8F00AE2278 /* NavigationController.swift */,
				FE9598012534539800CCB55C /* JsonViewController.swift */,
				5152869D2569586700AED246 /* GridViewController.swift */,
				FE0FD8B92570A7C400948ED2 /* AudioRecorderViewController.swift */,
				81D5BA40228E964F00C9BF51 /* imagesrc.text */,
				812FBF35226EAE8800CA1831 /* Main.storyboard */,
				812FBF38226EAE8A00CA1831 /* Assets.xcassets */,
				812FBF3A226EAE8A00CA1831 /* LaunchScreen.storyboard */,
				812FBF3D226EAE8A00CA1831 /* Info.plist */,
			);
			path = PLKit;
			sourceTree = "<group>";
		};
		812FBF43226EAED200CA1831 /* Lib */ = {
			isa = PBXGroup;
			children = (
				812FBF46226EB77400CA1831 /* PLKit.swift */,
				81786D922272B13B005B232D /* PLButton.swift */,
				812FBF44226EAF0000CA1831 /* PLRippleAnimate.swift */,
				81948F552278236000868B88 /* PLPageScrollView.swift */,
				814972F9228D63DF00F63C96 /* PLPhotoBrowser.swift */,
				814972FD228D6EF100F63C96 /* PLPhotoBrowserPage.swift */,
				81F1962022CC8F4900EEFA06 /* PLSlideVerify.swift */,
				51014EF222ACEBF80021641A /* PLBadgeView.swift */,
				818997A822DC5D910042A93F /* PLStackCardView.swift */,
				810FD77722FAAE5F002EB244 /* PLTabBarController.swift */,
				810FD77B22FAB373002EB244 /* PLTabBar.swift */,
				810FD77D22FAB964002EB244 /* PLTabBarItem.swift */,
				81E1ACC722FE6ED4007DB464 /* PLHUD.swift */,
				81FE620D2302E24B00C9BD31 /* PLDot.swift */,
				818BF110241A26B300D84B86 /* PLMultimenuTableView.swift */,
				81D912972435971200A433D8 /* PLBubble.swift */,
				8102CA7324655EAF00AE2278 /* PLNavigationController.swift */,
				81D9129F2435E5AA00A433D8 /* PLArrangeView.swift */,
				811F280F243EFBFF00276CBF /* PLTabControl.swift */,
				FE9597E225343A8800CCB55C /* PLJSON.swift */,
				5152869925694F9000AED246 /* PLGridView.swift */,
				FE0FD8BC2570A7EB00948ED2 /* PLAudioRecorder.swift */,
			);
			path = Lib;
			sourceTree = "<group>";
		};
		BB60711E7180A22597594446 /* Pods */ = {
			isa = PBXGroup;
			children = (
				729449EF0AB8AD033B2E07A3 /* Pods-PLKit.debug.xcconfig */,
				1D02F1EC418F44D92D64D09B /* Pods-PLKit.release.xcconfig */,
			);
			path = Pods;
			sourceTree = "<group>";
		};
/* End PBXGroup section */

/* Begin PBXNativeTarget section */
		812FBF2D226EAE8800CA1831 /* PLKit */ = {
			isa = PBXNativeTarget;
			buildConfigurationList = 812FBF40226EAE8A00CA1831 /* Build configuration list for PBXNativeTarget "PLKit" */;
			buildPhases = (
				98A73CE24B6D196E29433D65 /* [CP] Check Pods Manifest.lock */,
				812FBF2A226EAE8800CA1831 /* Sources */,
				812FBF2B226EAE8800CA1831 /* Frameworks */,
				812FBF2C226EAE8800CA1831 /* Resources */,
				EB7C52D5FA96EC6E8D446ADC /* [CP] Embed Pods Frameworks */,
			);
			buildRules = (
			);
			dependencies = (
			);
			name = PLKit;
			productName = PLKit;
			productReference = 812FBF2E226EAE8800CA1831 /* PLKit.app */;
			productType = "com.apple.product-type.application";
		};
/* End PBXNativeTarget section */

/* Begin PBXProject section */
		812FBF26226EAE8800CA1831 /* Project object */ = {
			isa = PBXProject;
			attributes = {
				LastSwiftUpdateCheck = 1020;
				LastUpgradeCheck = 1020;
				ORGANIZATIONNAME = Plumk;
				TargetAttributes = {
					812FBF2D226EAE8800CA1831 = {
						CreatedOnToolsVersion = 10.2.1;
					};
				};
			};
			buildConfigurationList = 812FBF29226EAE8800CA1831 /* Build configuration list for PBXProject "PLKit" */;
			compatibilityVersion = "Xcode 9.3";
			developmentRegion = en;
			hasScannedForEncodings = 0;
			knownRegions = (
				en,
				Base,
			);
			mainGroup = 812FBF25226EAE8800CA1831;
			productRefGroup = 812FBF2F226EAE8800CA1831 /* Products */;
			projectDirPath = "";
			projectRoot = "";
			targets = (
				812FBF2D226EAE8800CA1831 /* PLKit */,
			);
		};
/* End PBXProject section */

/* Begin PBXResourcesBuildPhase section */
		812FBF2C226EAE8800CA1831 /* Resources */ = {
			isa = PBXResourcesBuildPhase;
			buildActionMask = 2147483647;
			files = (
				812FBF3C226EAE8A00CA1831 /* LaunchScreen.storyboard in Resources */,
				81EBD586245003CE00ACCE1E /* tabbar_mine_selected12@2x.png in Resources */,
				8173AC4C246695CD0054DF13 /* nav_back@2x.png in Resources */,
				81EBD593245003CE00ACCE1E /* tabbar_mine_selected5@2x.png in Resources */,
				81EBD58D245003CE00ACCE1E /* tabbar_mine_selected8@2x.png in Resources */,
				81EBD5AE245003FC00ACCE1E /* tabbar_mine@3x.png in Resources */,
				81EBD5B1245003FC00ACCE1E /* tabbar_mine_selected1@3x.png in Resources */,
				810FD79B22FAC11D002EB244 /* tabbar_guanxuan_selected@2x.png in Resources */,
				81EBD5A9245003FC00ACCE1E /* tabbar_mine_selected4@3x.png in Resources */,
				81EBD5AB245003FC00ACCE1E /* tabbar_mine_selected7@3x.png in Resources */,
				8173AC4D246695CD0054DF13 /* nav_back@3x.png in Resources */,
				810FD79522FAC11D002EB244 /* tabbar_space_selected@3x.png in Resources */,
				8153642022CDFF0A0025EDF4 /* icon_close@3x.png in Resources */,
				810FD7A222FAC11D002EB244 /* tabbar_home_selected@2x.png in Resources */,
				81EBD5AC245003FC00ACCE1E /* tabbar_mine_selected14@3x.png in Resources */,
				810FD7AA22FAC13C002EB244 /* arrow_bottom_small@2x.png in Resources */,
				81D5BA41228E964F00C9BF51 /* imagesrc.text in Resources */,
				810FD7A022FAC11D002EB244 /* tabbar_message_selected@2x.png in Resources */,
				81EBD5A5245003FC00ACCE1E /* tabbar_mine_selected12@3x.png in Resources */,
				81EBD58E245003CE00ACCE1E /* tabbar_mine_selected1@2x.png in Resources */,
				810FD79322FAC11D002EB244 /* tabbar_home@2x.png in Resources */,
				81EBD58C245003CE00ACCE1E /* tabbar_mine_selected7@2x.png in Resources */,
				8153642122CDFF0A0025EDF4 /* icon_close@2x.png in Resources */,
				81EBD58F245003CE00ACCE1E /* tabbar_mine_selected10@2x.png in Resources */,
				810FD7A122FAC11D002EB244 /* tabbar_message_selected@3x.png in Resources */,
				81EBD588245003CE00ACCE1E /* tabbar_mine_selected3@2x.png in Resources */,
				81EBD5B4245003FC00ACCE1E /* tabbar_mine_selected10@3x.png in Resources */,
				81EBD589245003CE00ACCE1E /* tabbar_mine_selected11@2x.png in Resources */,
				81EBD5B0245003FC00ACCE1E /* tabbar_mine_selected2@3x.png in Resources */,
				810FD79A22FAC11D002EB244 /* tabbar_space@3x.png in Resources */,
				810FD79D22FAC11D002EB244 /* tabbar_guanxuan_selected@3x.png in Resources */,
				812FBF39226EAE8A00CA1831 /* Assets.xcassets in Resources */,
				81EBD58B245003CE00ACCE1E /* tabbar_mine_selected9@2x.png in Resources */,
				81EBD5AA245003FC00ACCE1E /* tabbar_mine_selected11@3x.png in Resources */,
				81EBD5A7245003FC00ACCE1E /* tabbar_mine_selected5@3x.png in Resources */,
				81FE62142302EA1F00C9BD31 /* icon_dot@3x.png in Resources */,
				81EBD590245003CE00ACCE1E /* tabbar_mine_selected14@2x.png in Resources */,
				810FD79E22FAC11D002EB244 /* tabbar_space_selected@2x.png in Resources */,
				81FE62132302EA1F00C9BD31 /* icon_dot@2x.png in Resources */,
				810FD7AB22FAC13C002EB244 /* arrow_bottom_small@3x.png in Resources */,
				81EBD591245003CE00ACCE1E /* tabbar_mine_selected2@2x.png in Resources */,
				810FD79F22FAC11D002EB244 /* tabbar_guanxuan@3x.png in Resources */,
				810FD79C22FAC11D002EB244 /* tabbar_home_selected@3x.png in Resources */,
				810FD79422FAC11D002EB244 /* tabbar_message@3x.png in Resources */,
				81EBD585245003CE00ACCE1E /* tabbar_mine_selected15@2x.png in Resources */,
				810FD7A322FAC11D002EB244 /* tabbar_home@3x.png in Resources */,
				81EBD5B2245003FC00ACCE1E /* tabbar_mine_selected13@3x.png in Resources */,
				81EBD5A8245003FC00ACCE1E /* tabbar_mine_selected8@3x.png in Resources */,
				81EBD592245003CE00ACCE1E /* tabbar_mine_selected4@2x.png in Resources */,
				81EBD5AF245003FC00ACCE1E /* tabbar_mine_selected6@3x.png in Resources */,
				81EBD58A245003CE00ACCE1E /* tabbar_mine_selected13@2x.png in Resources */,
				810FD79622FAC11D002EB244 /* tabbar_message@2x.png in Resources */,
				810FD79722FAC11D002EB244 /* tabbar_space@2x.png in Resources */,
				81EBD5B3245003FC00ACCE1E /* tabbar_mine_selected9@3x.png in Resources */,
				81EBD5AD245003FC00ACCE1E /* tabbar_mine_selected15@3x.png in Resources */,
				810FD79922FAC11D002EB244 /* tabbar_guanxuan@2x.png in Resources */,
				81EBD594245003CE00ACCE1E /* tabbar_mine_selected6@2x.png in Resources */,
				81EBD5A6245003FC00ACCE1E /* tabbar_mine_selected3@3x.png in Resources */,
				81EBD587245003CE00ACCE1E /* tabbar_mine@2x.png in Resources */,
				812FBF37226EAE8800CA1831 /* Main.storyboard in Resources */,
			);
			runOnlyForDeploymentPostprocessing = 0;
		};
/* End PBXResourcesBuildPhase section */

/* Begin PBXShellScriptBuildPhase section */
		98A73CE24B6D196E29433D65 /* [CP] Check Pods Manifest.lock */ = {
			isa = PBXShellScriptBuildPhase;
			buildActionMask = 2147483647;
			files = (
			);
			inputFileListPaths = (
			);
			inputPaths = (
				"${PODS_PODFILE_DIR_PATH}/Podfile.lock",
				"${PODS_ROOT}/Manifest.lock",
			);
			name = "[CP] Check Pods Manifest.lock";
			outputFileListPaths = (
			);
			outputPaths = (
				"$(DERIVED_FILE_DIR)/Pods-PLKit-checkManifestLockResult.txt",
			);
			runOnlyForDeploymentPostprocessing = 0;
			shellPath = /bin/sh;
			shellScript = "diff \"${PODS_PODFILE_DIR_PATH}/Podfile.lock\" \"${PODS_ROOT}/Manifest.lock\" > /dev/null\nif [ $? != 0 ] ; then\n    # print error to STDERR\n    echo \"error: The sandbox is not in sync with the Podfile.lock. Run 'pod install' or update your CocoaPods installation.\" >&2\n    exit 1\nfi\n# This output is used by Xcode 'outputs' to avoid re-running this script phase.\necho \"SUCCESS\" > \"${SCRIPT_OUTPUT_FILE_0}\"\n";
			showEnvVarsInLog = 0;
		};
		EB7C52D5FA96EC6E8D446ADC /* [CP] Embed Pods Frameworks */ = {
			isa = PBXShellScriptBuildPhase;
			buildActionMask = 2147483647;
			files = (
			);
			inputFileListPaths = (
				"${PODS_ROOT}/Target Support Files/Pods-PLKit/Pods-PLKit-frameworks-${CONFIGURATION}-input-files.xcfilelist",
			);
			name = "[CP] Embed Pods Frameworks";
			outputFileListPaths = (
				"${PODS_ROOT}/Target Support Files/Pods-PLKit/Pods-PLKit-frameworks-${CONFIGURATION}-output-files.xcfilelist",
			);
			runOnlyForDeploymentPostprocessing = 0;
			shellPath = /bin/sh;
			shellScript = "\"${PODS_ROOT}/Target Support Files/Pods-PLKit/Pods-PLKit-frameworks.sh\"\n";
			showEnvVarsInLog = 0;
		};
/* End PBXShellScriptBuildPhase section */

/* Begin PBXSourcesBuildPhase section */
		812FBF2A226EAE8800CA1831 /* Sources */ = {
			isa = PBXSourcesBuildPhase;
			buildActionMask = 2147483647;
			files = (
				81D912A22435E9A200A433D8 /* ArrangeViewController.swift in Sources */,
				81E1ACCA22FE71AC007DB464 /* HUDViewController.swift in Sources */,
				818BF10F241A264C00D84B86 /* MultiMenuTableViewViewController.swift in Sources */,
				8173AC4F24669FDF0054DF13 /* TableViewController.swift in Sources */,
				81F1962122CC8F4900EEFA06 /* PLSlideVerify.swift in Sources */,
				81948F582278237A00868B88 /* PageScrollViewController.swift in Sources */,
				51014EF522ACEF3B0021641A /* BadgeViewViewController.swift in Sources */,
				811F2810243EFBFF00276CBF /* PLTabControl.swift in Sources */,
				810FD77822FAAE5F002EB244 /* PLTabBarController.swift in Sources */,
				818BF111241A26B300D84B86 /* PLMultimenuTableView.swift in Sources */,
				81FE620E2302E24B00C9BD31 /* PLDot.swift in Sources */,
				818997A722DC5D4E0042A93F /* StackCardViewController.swift in Sources */,
				FE9598022534539800CCB55C /* JsonViewController.swift in Sources */,
				5152869A25694F9000AED246 /* PLGridView.swift in Sources */,
				812FBF34226EAE8800CA1831 /* RippleAnimateViewController.swift in Sources */,
				814972FA228D63DF00F63C96 /* PLPhotoBrowser.swift in Sources */,
				5152869E2569586700AED246 /* GridViewController.swift in Sources */,
				811F280E243EFBEB00276CBF /* TabControlViewController.swift in Sources */,
				814972FE228D6EF100F63C96 /* PLPhotoBrowserPage.swift in Sources */,
				81FE62102302E25A00C9BD31 /* DotViewController.swift in Sources */,
				810FD77E22FAB964002EB244 /* PLTabBarItem.swift in Sources */,
				818997A922DC5D910042A93F /* PLStackCardView.swift in Sources */,
				810FD77C22FAB373002EB244 /* PLTabBar.swift in Sources */,
				81D9129A243599A200A433D8 /* BubbleViewController.swift in Sources */,
				81D912982435971200A433D8 /* PLBubble.swift in Sources */,
				81F1962322CC8FB200EEFA06 /* SlideVerifyViewController.swift in Sources */,
				812FBF45226EAF0000CA1831 /* PLRippleAnimate.swift in Sources */,
				51014EF322ACEBF80021641A /* PLBadgeView.swift in Sources */,
				8102CA7424655EAF00AE2278 /* PLNavigationController.swift in Sources */,
				81E1ACC822FE6ED4007DB464 /* PLHUD.swift in Sources */,
				FE0FD8BD2570A7EB00948ED2 /* PLAudioRecorder.swift in Sources */,
				81948F562278236000868B88 /* PLPageScrollView.swift in Sources */,
				812FBF47226EB77400CA1831 /* PLKit.swift in Sources */,
				FE0FD8BA2570A7C400948ED2 /* AudioRecorderViewController.swift in Sources */,
				81D912A02435E5AA00A433D8 /* PLArrangeView.swift in Sources */,
				810FD77A22FAAFE3002EB244 /* TabBarViewController.swift in Sources */,
				8102CA7224655A8F00AE2278 /* NavigationController.swift in Sources */,
				814972FC228D650300F63C96 /* PhotoBrowserViewController.swift in Sources */,
				81786D912272B095005B232D /* ButtonViewController.swift in Sources */,
				812FBF32226EAE8800CA1831 /* AppDelegate.swift in Sources */,
				81786D932272B13B005B232D /* PLButton.swift in Sources */,
				FE9597E325343A8800CCB55C /* PLJSON.swift in Sources */,
			);
			runOnlyForDeploymentPostprocessing = 0;
		};
/* End PBXSourcesBuildPhase section */

/* Begin PBXVariantGroup section */
		812FBF35226EAE8800CA1831 /* Main.storyboard */ = {
			isa = PBXVariantGroup;
			children = (
				812FBF36226EAE8800CA1831 /* Base */,
			);
			name = Main.storyboard;
			sourceTree = "<group>";
		};
		812FBF3A226EAE8A00CA1831 /* LaunchScreen.storyboard */ = {
			isa = PBXVariantGroup;
			children = (
				812FBF3B226EAE8A00CA1831 /* Base */,
			);
			name = LaunchScreen.storyboard;
			sourceTree = "<group>";
		};
/* End PBXVariantGroup section */

/* Begin XCBuildConfiguration section */
		812FBF3E226EAE8A00CA1831 /* Debug */ = {
			isa = XCBuildConfiguration;
			buildSettings = {
				ALWAYS_SEARCH_USER_PATHS = NO;
				CLANG_ANALYZER_NONNULL = YES;
				CLANG_ANALYZER_NUMBER_OBJECT_CONVERSION = YES_AGGRESSIVE;
				CLANG_CXX_LANGUAGE_STANDARD = "gnu++14";
				CLANG_CXX_LIBRARY = "libc++";
				CLANG_ENABLE_MODULES = YES;
				CLANG_ENABLE_OBJC_ARC = YES;
				CLANG_ENABLE_OBJC_WEAK = YES;
				CLANG_WARN_BLOCK_CAPTURE_AUTORELEASING = YES;
				CLANG_WARN_BOOL_CONVERSION = YES;
				CLANG_WARN_COMMA = YES;
				CLANG_WARN_CONSTANT_CONVERSION = YES;
				CLANG_WARN_DEPRECATED_OBJC_IMPLEMENTATIONS = YES;
				CLANG_WARN_DIRECT_OBJC_ISA_USAGE = YES_ERROR;
				CLANG_WARN_DOCUMENTATION_COMMENTS = YES;
				CLANG_WARN_EMPTY_BODY = YES;
				CLANG_WARN_ENUM_CONVERSION = YES;
				CLANG_WARN_INFINITE_RECURSION = YES;
				CLANG_WARN_INT_CONVERSION = YES;
				CLANG_WARN_NON_LITERAL_NULL_CONVERSION = YES;
				CLANG_WARN_OBJC_IMPLICIT_RETAIN_SELF = YES;
				CLANG_WARN_OBJC_LITERAL_CONVERSION = YES;
				CLANG_WARN_OBJC_ROOT_CLASS = YES_ERROR;
				CLANG_WARN_RANGE_LOOP_ANALYSIS = YES;
				CLANG_WARN_STRICT_PROTOTYPES = YES;
				CLANG_WARN_SUSPICIOUS_MOVE = YES;
				CLANG_WARN_UNGUARDED_AVAILABILITY = YES_AGGRESSIVE;
				CLANG_WARN_UNREACHABLE_CODE = YES;
				CLANG_WARN__DUPLICATE_METHOD_MATCH = YES;
				CODE_SIGN_IDENTITY = "iPhone Developer";
				COPY_PHASE_STRIP = NO;
				DEBUG_INFORMATION_FORMAT = dwarf;
				ENABLE_STRICT_OBJC_MSGSEND = YES;
				ENABLE_TESTABILITY = YES;
				GCC_C_LANGUAGE_STANDARD = gnu11;
				GCC_DYNAMIC_NO_PIC = NO;
				GCC_NO_COMMON_BLOCKS = YES;
				GCC_OPTIMIZATION_LEVEL = 0;
				GCC_PREPROCESSOR_DEFINITIONS = (
					"DEBUG=1",
					"$(inherited)",
				);
				GCC_WARN_64_TO_32_BIT_CONVERSION = YES;
				GCC_WARN_ABOUT_RETURN_TYPE = YES_ERROR;
				GCC_WARN_UNDECLARED_SELECTOR = YES;
				GCC_WARN_UNINITIALIZED_AUTOS = YES_AGGRESSIVE;
				GCC_WARN_UNUSED_FUNCTION = YES;
				GCC_WARN_UNUSED_VARIABLE = YES;
				IPHONEOS_DEPLOYMENT_TARGET = 12.2;
				MTL_ENABLE_DEBUG_INFO = INCLUDE_SOURCE;
				MTL_FAST_MATH = YES;
				ONLY_ACTIVE_ARCH = YES;
				SDKROOT = iphoneos;
				SWIFT_ACTIVE_COMPILATION_CONDITIONS = DEBUG;
				SWIFT_OPTIMIZATION_LEVEL = "-Onone";
			};
			name = Debug;
		};
		812FBF3F226EAE8A00CA1831 /* Release */ = {
			isa = XCBuildConfiguration;
			buildSettings = {
				ALWAYS_SEARCH_USER_PATHS = NO;
				CLANG_ANALYZER_NONNULL = YES;
				CLANG_ANALYZER_NUMBER_OBJECT_CONVERSION = YES_AGGRESSIVE;
				CLANG_CXX_LANGUAGE_STANDARD = "gnu++14";
				CLANG_CXX_LIBRARY = "libc++";
				CLANG_ENABLE_MODULES = YES;
				CLANG_ENABLE_OBJC_ARC = YES;
				CLANG_ENABLE_OBJC_WEAK = YES;
				CLANG_WARN_BLOCK_CAPTURE_AUTORELEASING = YES;
				CLANG_WARN_BOOL_CONVERSION = YES;
				CLANG_WARN_COMMA = YES;
				CLANG_WARN_CONSTANT_CONVERSION = YES;
				CLANG_WARN_DEPRECATED_OBJC_IMPLEMENTATIONS = YES;
				CLANG_WARN_DIRECT_OBJC_ISA_USAGE = YES_ERROR;
				CLANG_WARN_DOCUMENTATION_COMMENTS = YES;
				CLANG_WARN_EMPTY_BODY = YES;
				CLANG_WARN_ENUM_CONVERSION = YES;
				CLANG_WARN_INFINITE_RECURSION = YES;
				CLANG_WARN_INT_CONVERSION = YES;
				CLANG_WARN_NON_LITERAL_NULL_CONVERSION = YES;
				CLANG_WARN_OBJC_IMPLICIT_RETAIN_SELF = YES;
				CLANG_WARN_OBJC_LITERAL_CONVERSION = YES;
				CLANG_WARN_OBJC_ROOT_CLASS = YES_ERROR;
				CLANG_WARN_RANGE_LOOP_ANALYSIS = YES;
				CLANG_WARN_STRICT_PROTOTYPES = YES;
				CLANG_WARN_SUSPICIOUS_MOVE = YES;
				CLANG_WARN_UNGUARDED_AVAILABILITY = YES_AGGRESSIVE;
				CLANG_WARN_UNREACHABLE_CODE = YES;
				CLANG_WARN__DUPLICATE_METHOD_MATCH = YES;
				CODE_SIGN_IDENTITY = "iPhone Developer";
				COPY_PHASE_STRIP = NO;
				DEBUG_INFORMATION_FORMAT = "dwarf-with-dsym";
				ENABLE_NS_ASSERTIONS = NO;
				ENABLE_STRICT_OBJC_MSGSEND = YES;
				GCC_C_LANGUAGE_STANDARD = gnu11;
				GCC_NO_COMMON_BLOCKS = YES;
				GCC_WARN_64_TO_32_BIT_CONVERSION = YES;
				GCC_WARN_ABOUT_RETURN_TYPE = YES_ERROR;
				GCC_WARN_UNDECLARED_SELECTOR = YES;
				GCC_WARN_UNINITIALIZED_AUTOS = YES_AGGRESSIVE;
				GCC_WARN_UNUSED_FUNCTION = YES;
				GCC_WARN_UNUSED_VARIABLE = YES;
				IPHONEOS_DEPLOYMENT_TARGET = 12.2;
				MTL_ENABLE_DEBUG_INFO = NO;
				MTL_FAST_MATH = YES;
				SDKROOT = iphoneos;
				SWIFT_COMPILATION_MODE = wholemodule;
				SWIFT_OPTIMIZATION_LEVEL = "-O";
				VALIDATE_PRODUCT = YES;
			};
			name = Release;
		};
		812FBF41226EAE8A00CA1831 /* Debug */ = {
			isa = XCBuildConfiguration;
			baseConfigurationReference = 729449EF0AB8AD033B2E07A3 /* Pods-PLKit.debug.xcconfig */;
			buildSettings = {
				ASSETCATALOG_COMPILER_APPICON_NAME = AppIcon;
				CODE_SIGN_IDENTITY = "iPhone Developer";
				CODE_SIGN_STYLE = Manual;
				DEVELOPMENT_TEAM = 75JCPG4E27;
				FRAMEWORK_SEARCH_PATHS = (
					"$(inherited)",
					"$(PROJECT_DIR)",
				);
				INFOPLIST_FILE = PLKit/Info.plist;
				IPHONEOS_DEPLOYMENT_TARGET = 9.0;
				LD_RUNPATH_SEARCH_PATHS = (
					"$(inherited)",
					"@executable_path/Frameworks",
				);
				PRODUCT_BUNDLE_IDENTIFIER = com.jitian.PLKit;
				PRODUCT_NAME = "$(TARGET_NAME)";
				PROVISIONING_PROFILE_SPECIFIER = com.jitian.wildcard;
				SWIFT_VERSION = 5.0;
				TARGETED_DEVICE_FAMILY = "1,2";
			};
			name = Debug;
		};
		812FBF42226EAE8A00CA1831 /* Release */ = {
			isa = XCBuildConfiguration;
			baseConfigurationReference = 1D02F1EC418F44D92D64D09B /* Pods-PLKit.release.xcconfig */;
			buildSettings = {
				ASSETCATALOG_COMPILER_APPICON_NAME = AppIcon;
				CODE_SIGN_IDENTITY = "iPhone Developer";
				CODE_SIGN_STYLE = Manual;
				DEVELOPMENT_TEAM = 75JCPG4E27;
				FRAMEWORK_SEARCH_PATHS = (
					"$(inherited)",
					"$(PROJECT_DIR)",
				);
				INFOPLIST_FILE = PLKit/Info.plist;
				IPHONEOS_DEPLOYMENT_TARGET = 9.0;
				LD_RUNPATH_SEARCH_PATHS = (
					"$(inherited)",
					"@executable_path/Frameworks",
				);
				PRODUCT_BUNDLE_IDENTIFIER = com.jitian.PLKit;
				PRODUCT_NAME = "$(TARGET_NAME)";
				PROVISIONING_PROFILE_SPECIFIER = com.jitian.wildcard;
				SWIFT_VERSION = 5.0;
				TARGETED_DEVICE_FAMILY = "1,2";
			};
			name = Release;
		};
/* End XCBuildConfiguration section */

/* Begin XCConfigurationList section */
		812FBF29226EAE8800CA1831 /* Build configuration list for PBXProject "PLKit" */ = {
			isa = XCConfigurationList;
			buildConfigurations = (
				812FBF3E226EAE8A00CA1831 /* Debug */,
				812FBF3F226EAE8A00CA1831 /* Release */,
			);
			defaultConfigurationIsVisible = 0;
			defaultConfigurationName = Release;
		};
		812FBF40226EAE8A00CA1831 /* Build configuration list for PBXNativeTarget "PLKit" */ = {
			isa = XCConfigurationList;
			buildConfigurations = (
				812FBF41226EAE8A00CA1831 /* Debug */,
				812FBF42226EAE8A00CA1831 /* Release */,
			);
			defaultConfigurationIsVisible = 0;
			defaultConfigurationName = Release;
		};
/* End XCConfigurationList section */
	};
	rootObject = 812FBF26226EAE8800CA1831 /* Project object */;
}
