PODS:
  - MJRefresh (3.2.3)
  - PKit/Core (0.2.0)
  - PKit/JSON (0.2.0)
  - PKit/UI (0.2.0)
  - PKit/Util (0.2.0)
  - SnapKit (4.2.0)

DEPENDENCIES:
  - MJRefresh (~> 3.2.0)
  - PKit/Core (from `../`)
  - PKit/JSON (from `../`)
  - PKit/UI (from `../`)
  - PKit/Util (from `../`)
  - SnapKit (~> 4.2.0)

SPEC REPOS:
  trunk:
    - MJRefresh
    - SnapKit

EXTERNAL SOURCES:
  PKit:
    :path: "../"

SPEC CHECKSUMS:
  MJRefresh: 2b1214a2dc8f4df4c5dcb028ea2ad4e245425fb7
  PKit: fe4155728e6b141f906b59bea698bfe3a182fccd
  SnapKit: fe8a619752f3f27075cc9a90244d75c6c3f27e2a

PODFILE CHECKSUM: ab26d010581696fa9781c26ceaf9d63758900071

COCOAPODS: 1.11.3
