PODS:
  - MJRefresh (3.2.3)
  - PKit (0.0.3)
  - SnapKit (4.2.0)

DEPENDENCIES:
  - MJRefresh (~> 3.2.0)
  - PKit (from `../`)
  - SnapKit (~> 4.2.0)

SPEC REPOS:
  trunk:
    - MJRefresh
    - SnapKit

EXTERNAL SOURCES:
  PKit:
    :path: "../"

SPEC CHECKSUMS:
  MJRefresh: 2b1214a2dc8f4df4c5dcb028ea2ad4e245425fb7
  PKit: 834cad1229775a7f43502a93e0d50cf986f40874
  SnapKit: fe8a619752f3f27075cc9a90244d75c6c3f27e2a

PODFILE CHECKSUM: 2894adaa526472177e7e262dd6f2120b8c478379

COCOAPODS: 1.11.2
