PODS:
  - MJRefresh (3.2.3)
  - SnapKit (5.0.1)
  - YYImage/Core (1.0.4)
  - YYImage/WebP (1.0.4):
    - YYImage/Core

DEPENDENCIES:
  - MJRefresh (~> 3.2.0)
  - SnapKit (~> 5.0.0)
  - YYImage/WebP (from `https://github.com/zx1262111739/YYImage`, tag `1.0.4.1`)

SPEC REPOS:
  trunk:
    - MJRefresh
    - SnapKit

EXTERNAL SOURCES:
  YYImage:
    :git: https://github.com/zx1262111739/YYImage
    :tag: 1.0.4.1

CHECKOUT OPTIONS:
  YYImage:
    :git: https://github.com/zx1262111739/YYImage
    :tag: 1.0.4.1

SPEC CHECKSUMS:
  MJRefresh: 2b1214a2dc8f4df4c5dcb028ea2ad4e245425fb7
  SnapKit: 97b92857e3df3a0c71833cce143274bf6ef8e5eb
  YYImage: 6db68da66f20d9f169ceb94dfb9947c3867b9665

PODFILE CHECKSUM: cdd79b2184be1d5ac26494ffced6c0d3ac1bfd13

COCOAPODS: 1.10.1
