PODS:
  - MJRefresh (3.2.3)
  - YYImage/Core (1.0.4)
  - YYImage/WebP (1.0.4):
    - YYImage/Core

DEPENDENCIES:
  - MJRefresh (~> 3.2.0)
  - YYImage/WebP (~> 1.0.4)

SPEC REPOS:
  trunk:
    - MJRefresh
    - YYImage

SPEC CHECKSUMS:
  MJRefresh: 2b1214a2dc8f4df4c5dcb028ea2ad4e245425fb7
  YYImage: 1e1b62a9997399593e4b9c4ecfbbabbf1d3f3b54

PODFILE CHECKSUM: 09e763bfeeb5fb8c229f012aa42adf0a0bb8a761

COCOAPODS: 1.9.1
